
Microsoft Visual Studio Solution File, Format Version 12.00
# Visual Studio Version 17
VisualStudioVersion = 17.7.34009.444
MinimumVisualStudioVersion = 10.0.40219.1
Project("{FAE04EC0-301F-11D3-BF4B-00C04F79EFBC}") = "ClassTask", "ClassTask\ClassTask.csproj", "{AF9B3EE7-FF22-4D27-BEE6-034F64F675AB}"
EndProject
Global
	GlobalSection(SolutionConfigurationPlatforms) = preSolution
		Debug|Any CPU = Debug|Any CPU
		Release|Any CPU = Release|Any CPU
	EndGlobalSection
	GlobalSection(ProjectConfigurationPlatforms) = postSolution
		{AF9B3EE7-FF22-4D27-BEE6-034F64F675AB}.Debug|Any CPU.ActiveCfg = Debug|Any CPU
		{AF9B3EE7-FF22-4D27-BEE6-034F64F675AB}.Debug|Any CPU.Build.0 = Debug|Any CPU
		{AF9B3EE7-FF22-4D27-BEE6-034F64F675AB}.Release|Any CPU.ActiveCfg = Release|Any CPU
		{AF9B3EE7-FF22-4D27-BEE6-034F64F675AB}.Release|Any CPU.Build.0 = Release|Any CPU
	EndGlobalSection
	GlobalSection(SolutionProperties) = preSolution
		HideSolutionNode = FALSE
	EndGlobalSection
	GlobalSection(ExtensibilityGlobals) = postSolution
		SolutionGuid = {A977AC00-C0AC-4D74-9BAE-F156621B7293}
	EndGlobalSection
EndGlobal
